
Microsoft Visual Studio Solution File, Format Version 12.00
# Visual Studio Version 16
VisualStudioVersion = 16.0.31605.320
MinimumVisualStudioVersion = 10.0.40219.1
Project("{FAE04EC0-301F-11D3-BF4B-00C04F79EFBC}") = "Match.App", "Match.App\Match.App.csproj", "{933C24BC-8E50-411E-83AF-9489CDE6905D}"
EndProject
Project("{FAE04EC0-301F-11D3-BF4B-00C04F79EFBC}") = "Match.App.Tests", "Match.App.Tests\Match.App.Tests.csproj", "{7ED51D60-C67A-4EE6-864C-22C52D50F896}"
EndProject
Global
	GlobalSection(SolutionConfigurationPlatforms) = preSolution
		Debug|Any CPU = Debug|Any CPU
		Release|Any CPU = Release|Any CPU
	EndGlobalSection
	GlobalSection(ProjectConfigurationPlatforms) = postSolution
		{933C24BC-8E50-411E-83AF-9489CDE6905D}.Debug|Any CPU.ActiveCfg = Debug|Any CPU
		{933C24BC-8E50-411E-83AF-9489CDE6905D}.Debug|Any CPU.Build.0 = Debug|Any CPU
		{933C24BC-8E50-411E-83AF-9489CDE6905D}.Release|Any CPU.ActiveCfg = Release|Any CPU
		{933C24BC-8E50-411E-83AF-9489CDE6905D}.Release|Any CPU.Build.0 = Release|Any CPU
		{7ED51D60-C67A-4EE6-864C-22C52D50F896}.Debug|Any CPU.ActiveCfg = Debug|Any CPU
		{7ED51D60-C67A-4EE6-864C-22C52D50F896}.Debug|Any CPU.Build.0 = Debug|Any CPU
		{7ED51D60-C67A-4EE6-864C-22C52D50F896}.Release|Any CPU.ActiveCfg = Release|Any CPU
		{7ED51D60-C67A-4EE6-864C-22C52D50F896}.Release|Any CPU.Build.0 = Release|Any CPU
	EndGlobalSection
	GlobalSection(SolutionProperties) = preSolution
		HideSolutionNode = FALSE
	EndGlobalSection
	GlobalSection(ExtensibilityGlobals) = postSolution
		SolutionGuid = {F3AE3031-057E-4071-9F4F-1CFF245B4A85}
	EndGlobalSection
EndGlobal
